
Microsoft Visual Studio Solution File, Format Version 12.00
# Visual Studio Version 16
VisualStudioVersion = 16.0.29613.14
MinimumVisualStudioVersion = 10.0.40219.1
Project("{FAE04EC0-301F-11D3-BF4B-00C04F79EFBC}") = "MVC Entity CRUD", "MVC Entity CRUD.csproj", "{30836874-6B78-498E-BE5E-F51A27033EC4}"
EndProject
Global
	GlobalSection(SolutionConfigurationPlatforms) = preSolution
		Debug|Any CPU = Debug|Any CPU
		Release|Any CPU = Release|Any CPU
	EndGlobalSection
	GlobalSection(ProjectConfigurationPlatforms) = postSolution
		{30836874-6B78-498E-BE5E-F51A27033EC4}.Debug|Any CPU.ActiveCfg = Debug|Any CPU
		{30836874-6B78-498E-BE5E-F51A27033EC4}.Debug|Any CPU.Build.0 = Debug|Any CPU
		{30836874-6B78-498E-BE5E-F51A27033EC4}.Release|Any CPU.ActiveCfg = Release|Any CPU
		{30836874-6B78-498E-BE5E-F51A27033EC4}.Release|Any CPU.Build.0 = Release|Any CPU
	EndGlobalSection
	GlobalSection(SolutionProperties) = preSolution
		HideSolutionNode = FALSE
	EndGlobalSection
	GlobalSection(ExtensibilityGlobals) = postSolution
		SolutionGuid = {D879DB14-93B0-476B-BC63-18E561B9406F}
	EndGlobalSection
EndGlobal
